// !$*UTF8*$!
{
	archiveVersion = 1;
	classes = {
	};
	objectVersion = 51;
	objects = {

/* Begin PBXBuildFile section */
		246E2798249725220034B91B /* AppDelegate.swift in Sources */ = {isa = PBXBuildFile; fileRef = 246E2797249725220034B91B /* AppDelegate.swift */; };
		246E279C249725220034B91B /* ViewController.swift in Sources */ = {isa = PBXBuildFile; fileRef = 246E279B249725220034B91B /* ViewController.swift */; };
		246E27A1249725260034B91B /* Assets.xcassets in Resources */ = {isa = PBXBuildFile; fileRef = 246E27A0249725260034B91B /* Assets.xcassets */; };
		246E27A4249725260034B91B /* LaunchScreen.storyboard in Resources */ = {isa = PBXBuildFile; fileRef = 246E27A2249725260034B91B /* LaunchScreen.storyboard */; };
		246E27AF249725270034B91B /* TwitterTests.swift in Sources */ = {isa = PBXBuildFile; fileRef = 246E27AE249725270034B91B /* TwitterTests.swift */; };
		246E27BA249725270034B91B /* TwitterUITests.swift in Sources */ = {isa = PBXBuildFile; fileRef = 246E27B9249725270034B91B /* TwitterUITests.swift */; };
		246E27C82497254B0034B91B /* Podfile in Resources */ = {isa = PBXBuildFile; fileRef = 246E27C72497254A0034B91B /* Podfile */; };
		246E27CD24972C420034B91B /* Welcome.storyboard in Resources */ = {isa = PBXBuildFile; fileRef = 246E27CC24972C420034B91B /* Welcome.storyboard */; };
		246E27CF249743D50034B91B /* WelcomeViewController.swift in Sources */ = {isa = PBXBuildFile; fileRef = 246E27CE249743D50034B91B /* WelcomeViewController.swift */; };
		246E27D1249743E80034B91B /* LoginViewController.swift in Sources */ = {isa = PBXBuildFile; fileRef = 246E27D0249743E80034B91B /* LoginViewController.swift */; };
		246E27D3249743FA0034B91B /* RegisterViewController.swift in Sources */ = {isa = PBXBuildFile; fileRef = 246E27D2249743FA0034B91B /* RegisterViewController.swift */; };
		246E27D62498F1740034B91B /* Home.storyboard in Resources */ = {isa = PBXBuildFile; fileRef = 246E27D52498F1740034B91B /* Home.storyboard */; };
		246E27DB2498FCFE0034B91B /* LoginResponse.swift in Sources */ = {isa = PBXBuildFile; fileRef = 246E27DA2498FCFE0034B91B /* LoginResponse.swift */; };
		246E27DD2498FD5B0034B91B /* ErrorResponse.swift in Sources */ = {isa = PBXBuildFile; fileRef = 246E27DC2498FD5B0034B91B /* ErrorResponse.swift */; };
		246E27DF2498FD870034B91B /* GeneralResponse.swift in Sources */ = {isa = PBXBuildFile; fileRef = 246E27DE2498FD860034B91B /* GeneralResponse.swift */; };
		246E27E12498FDD20034B91B /* RegisterRequest.swift in Sources */ = {isa = PBXBuildFile; fileRef = 246E27E02498FDD20034B91B /* RegisterRequest.swift */; };
		246E27E32498FDF00034B91B /* PostRequest.swift in Sources */ = {isa = PBXBuildFile; fileRef = 246E27E22498FDF00034B91B /* PostRequest.swift */; };
		246E27E52498FDFF0034B91B /* LoginRequest.swift in Sources */ = {isa = PBXBuildFile; fileRef = 246E27E42498FDFF0034B91B /* LoginRequest.swift */; };
		246E27E72498FE140034B91B /* PostRequestLocation.swift in Sources */ = {isa = PBXBuildFile; fileRef = 246E27E62498FE140034B91B /* PostRequestLocation.swift */; };
		246E27E92498FEEA0034B91B /* User.swift in Sources */ = {isa = PBXBuildFile; fileRef = 246E27E82498FEEA0034B91B /* User.swift */; };
		246E27EB2498FF2D0034B91B /* Post.swift in Sources */ = {isa = PBXBuildFile; fileRef = 246E27EA2498FF2D0034B91B /* Post.swift */; };
		246E27ED2498FFB60034B91B /* PostLocation.swift in Sources */ = {isa = PBXBuildFile; fileRef = 246E27EC2498FFB60034B91B /* PostLocation.swift */; };
		246E27EF2499001F0034B91B /* EndPoints.swift in Sources */ = {isa = PBXBuildFile; fileRef = 246E27EE2499001F0034B91B /* EndPoints.swift */; };
		2CEFA7A7C4EAB10D626109D8 /* Pods_TwitterTests.framework in Frameworks */ = {isa = PBXBuildFile; fileRef = 7E39F3F59BA5A613D343A5E8 /* Pods_TwitterTests.framework */; };
		4478DBC64635124EE8BEED15 /* Pods_Twitter.framework in Frameworks */ = {isa = PBXBuildFile; fileRef = 5B49C3D367BF8A03C71BC244 /* Pods_Twitter.framework */; };
		6B3E73BB06A8DEADFF120EE9 /* Pods_Twitter_TwitterUITests.framework in Frameworks */ = {isa = PBXBuildFile; fileRef = D23FCE88C44123C1AC8D183D /* Pods_Twitter_TwitterUITests.framework */; };
/* End PBXBuildFile section */

/* Begin PBXContainerItemProxy section */
		246E27AB249725270034B91B /* PBXContainerItemProxy */ = {
			isa = PBXContainerItemProxy;
			containerPortal = 246E278C249725220034B91B /* Project object */;
			proxyType = 1;
			remoteGlobalIDString = 246E2793249725220034B91B;
			remoteInfo = Twitter;
		};
		246E27B6249725270034B91B /* PBXContainerItemProxy */ = {
			isa = PBXContainerItemProxy;
			containerPortal = 246E278C249725220034B91B /* Project object */;
			proxyType = 1;
			remoteGlobalIDString = 246E2793249725220034B91B;
			remoteInfo = Twitter;
		};
/* End PBXContainerItemProxy section */

/* Begin PBXFileReference section */
		246E2794249725220034B91B /* Twitter.app */ = {isa = PBXFileReference; explicitFileType = wrapper.application; includeInIndex = 0; path = Twitter.app; sourceTree = BUILT_PRODUCTS_DIR; };
		246E2797249725220034B91B /* AppDelegate.swift */ = {isa = PBXFileReference; lastKnownFileType = sourcecode.swift; path = AppDelegate.swift; sourceTree = "<group>"; };
		246E279B249725220034B91B /* ViewController.swift */ = {isa = PBXFileReference; lastKnownFileType = sourcecode.swift; path = ViewController.swift; sourceTree = "<group>"; };
		246E27A0249725260034B91B /* Assets.xcassets */ = {isa = PBXFileReference; lastKnownFileType = folder.assetcatalog; path = Assets.xcassets; sourceTree = "<group>"; };
		246E27A3249725260034B91B /* Base */ = {isa = PBXFileReference; lastKnownFileType = file.storyboard; name = Base; path = Base.lproj/LaunchScreen.storyboard; sourceTree = "<group>"; };
		246E27A5249725260034B91B /* Info.plist */ = {isa = PBXFileReference; lastKnownFileType = text.plist.xml; path = Info.plist; sourceTree = "<group>"; };
		246E27AA249725270034B91B /* TwitterTests.xctest */ = {isa = PBXFileReference; explicitFileType = wrapper.cfbundle; includeInIndex = 0; path = TwitterTests.xctest; sourceTree = BUILT_PRODUCTS_DIR; };
		246E27AE249725270034B91B /* TwitterTests.swift */ = {isa = PBXFileReference; lastKnownFileType = sourcecode.swift; path = TwitterTests.swift; sourceTree = "<group>"; };
		246E27B0249725270034B91B /* Info.plist */ = {isa = PBXFileReference; lastKnownFileType = text.plist.xml; path = Info.plist; sourceTree = "<group>"; };
		246E27B5249725270034B91B /* TwitterUITests.xctest */ = {isa = PBXFileReference; explicitFileType = wrapper.cfbundle; includeInIndex = 0; path = TwitterUITests.xctest; sourceTree = BUILT_PRODUCTS_DIR; };
		246E27B9249725270034B91B /* TwitterUITests.swift */ = {isa = PBXFileReference; lastKnownFileType = sourcecode.swift; path = TwitterUITests.swift; sourceTree = "<group>"; };
		246E27BB249725270034B91B /* Info.plist */ = {isa = PBXFileReference; lastKnownFileType = text.plist.xml; path = Info.plist; sourceTree = "<group>"; };
		246E27C72497254A0034B91B /* Podfile */ = {isa = PBXFileReference; fileEncoding = 4; lastKnownFileType = text; path = Podfile; sourceTree = SOURCE_ROOT; };
		246E27CC24972C420034B91B /* Welcome.storyboard */ = {isa = PBXFileReference; lastKnownFileType = file.storyboard; path = Welcome.storyboard; sourceTree = "<group>"; };
		246E27CE249743D50034B91B /* WelcomeViewController.swift */ = {isa = PBXFileReference; lastKnownFileType = sourcecode.swift; path = WelcomeViewController.swift; sourceTree = "<group>"; };
		246E27D0249743E80034B91B /* LoginViewController.swift */ = {isa = PBXFileReference; lastKnownFileType = sourcecode.swift; name = LoginViewController.swift; path = "/Users/ivanmosquera/Desktop/curso ios/Twitter/Twitter/Modules/Welcome/LoginViewController.swift"; sourceTree = "<absolute>"; };
		246E27D2249743FA0034B91B /* RegisterViewController.swift */ = {isa = PBXFileReference; lastKnownFileType = sourcecode.swift; path = RegisterViewController.swift; sourceTree = "<group>"; };
		246E27D52498F1740034B91B /* Home.storyboard */ = {isa = PBXFileReference; lastKnownFileType = file.storyboard; path = Home.storyboard; sourceTree = "<group>"; };
		246E27DA2498FCFE0034B91B /* LoginResponse.swift */ = {isa = PBXFileReference; lastKnownFileType = sourcecode.swift; path = LoginResponse.swift; sourceTree = "<group>"; };
		246E27DC2498FD5B0034B91B /* ErrorResponse.swift */ = {isa = PBXFileReference; lastKnownFileType = sourcecode.swift; path = ErrorResponse.swift; sourceTree = "<group>"; };
		246E27DE2498FD860034B91B /* GeneralResponse.swift */ = {isa = PBXFileReference; lastKnownFileType = sourcecode.swift; path = GeneralResponse.swift; sourceTree = "<group>"; };
		246E27E02498FDD20034B91B /* RegisterRequest.swift */ = {isa = PBXFileReference; lastKnownFileType = sourcecode.swift; path = RegisterRequest.swift; sourceTree = "<group>"; };
		246E27E22498FDF00034B91B /* PostRequest.swift */ = {isa = PBXFileReference; lastKnownFileType = sourcecode.swift; path = PostRequest.swift; sourceTree = "<group>"; };
		246E27E42498FDFF0034B91B /* LoginRequest.swift */ = {isa = PBXFileReference; lastKnownFileType = sourcecode.swift; path = LoginRequest.swift; sourceTree = "<group>"; };
		246E27E62498FE140034B91B /* PostRequestLocation.swift */ = {isa = PBXFileReference; lastKnownFileType = sourcecode.swift; path = PostRequestLocation.swift; sourceTree = "<group>"; };
		246E27E82498FEEA0034B91B /* User.swift */ = {isa = PBXFileReference; lastKnownFileType = sourcecode.swift; path = User.swift; sourceTree = "<group>"; };
		246E27EA2498FF2D0034B91B /* Post.swift */ = {isa = PBXFileReference; lastKnownFileType = sourcecode.swift; path = Post.swift; sourceTree = "<group>"; };
		246E27EC2498FFB60034B91B /* PostLocation.swift */ = {isa = PBXFileReference; lastKnownFileType = sourcecode.swift; path = PostLocation.swift; sourceTree = "<group>"; };
		246E27EE2499001F0034B91B /* EndPoints.swift */ = {isa = PBXFileReference; lastKnownFileType = sourcecode.swift; path = EndPoints.swift; sourceTree = "<group>"; };
		3CCB0C675B526F0D64E4F63B /* Pods-Twitter.debug.xcconfig */ = {isa = PBXFileReference; includeInIndex = 1; lastKnownFileType = text.xcconfig; name = "Pods-Twitter.debug.xcconfig"; path = "Target Support Files/Pods-Twitter/Pods-Twitter.debug.xcconfig"; sourceTree = "<group>"; };
		44610B340C155CFCB28F332E /* Pods-TwitterTests.debug.xcconfig */ = {isa = PBXFileReference; includeInIndex = 1; lastKnownFileType = text.xcconfig; name = "Pods-TwitterTests.debug.xcconfig"; path = "Target Support Files/Pods-TwitterTests/Pods-TwitterTests.debug.xcconfig"; sourceTree = "<group>"; };
		5B49C3D367BF8A03C71BC244 /* Pods_Twitter.framework */ = {isa = PBXFileReference; explicitFileType = wrapper.framework; includeInIndex = 0; path = Pods_Twitter.framework; sourceTree = BUILT_PRODUCTS_DIR; };
		615134608A990425203C487C /* Pods-Twitter-TwitterUITests.debug.xcconfig */ = {isa = PBXFileReference; includeInIndex = 1; lastKnownFileType = text.xcconfig; name = "Pods-Twitter-TwitterUITests.debug.xcconfig"; path = "Target Support Files/Pods-Twitter-TwitterUITests/Pods-Twitter-TwitterUITests.debug.xcconfig"; sourceTree = "<group>"; };
		67BDDC4CDF9A4BAA93345D2D /* Pods-Twitter.release.xcconfig */ = {isa = PBXFileReference; includeInIndex = 1; lastKnownFileType = text.xcconfig; name = "Pods-Twitter.release.xcconfig"; path = "Target Support Files/Pods-Twitter/Pods-Twitter.release.xcconfig"; sourceTree = "<group>"; };
		6C2AE2ADA8D37AB8D599AC33 /* Pods-Twitter-TwitterUITests.release.xcconfig */ = {isa = PBXFileReference; includeInIndex = 1; lastKnownFileType = text.xcconfig; name = "Pods-Twitter-TwitterUITests.release.xcconfig"; path = "Target Support Files/Pods-Twitter-TwitterUITests/Pods-Twitter-TwitterUITests.release.xcconfig"; sourceTree = "<group>"; };
		7E39F3F59BA5A613D343A5E8 /* Pods_TwitterTests.framework */ = {isa = PBXFileReference; explicitFileType = wrapper.framework; includeInIndex = 0; path = Pods_TwitterTests.framework; sourceTree = BUILT_PRODUCTS_DIR; };
		ABC625EC3F6E76EF2F6294D5 /* Pods-TwitterTests.release.xcconfig */ = {isa = PBXFileReference; includeInIndex = 1; lastKnownFileType = text.xcconfig; name = "Pods-TwitterTests.release.xcconfig"; path = "Target Support Files/Pods-TwitterTests/Pods-TwitterTests.release.xcconfig"; sourceTree = "<group>"; };
		D23FCE88C44123C1AC8D183D /* Pods_Twitter_TwitterUITests.framework */ = {isa = PBXFileReference; explicitFileType = wrapper.framework; includeInIndex = 0; path = Pods_Twitter_TwitterUITests.framework; sourceTree = BUILT_PRODUCTS_DIR; };
/* End PBXFileReference section */

/* Begin PBXFrameworksBuildPhase section */
		246E2791249725220034B91B /* Frameworks */ = {
			isa = PBXFrameworksBuildPhase;
			buildActionMask = 2147483647;
			files = (
				4478DBC64635124EE8BEED15 /* Pods_Twitter.framework in Frameworks */,
			);
			runOnlyForDeploymentPostprocessing = 0;
		};
		246E27A7249725270034B91B /* Frameworks */ = {
			isa = PBXFrameworksBuildPhase;
			buildActionMask = 2147483647;
			files = (
				2CEFA7A7C4EAB10D626109D8 /* Pods_TwitterTests.framework in Frameworks */,
			);
			runOnlyForDeploymentPostprocessing = 0;
		};
		246E27B2249725270034B91B /* Frameworks */ = {
			isa = PBXFrameworksBuildPhase;
			buildActionMask = 2147483647;
			files = (
				6B3E73BB06A8DEADFF120EE9 /* Pods_Twitter_TwitterUITests.framework in Frameworks */,
			);
			runOnlyForDeploymentPostprocessing = 0;
		};
/* End PBXFrameworksBuildPhase section */

/* Begin PBXGroup section */
		246E278B249725220034B91B = {
			isa = PBXGroup;
			children = (
				246E2796249725220034B91B /* Twitter */,
				246E27AD249725270034B91B /* TwitterTests */,
				246E27B8249725270034B91B /* TwitterUITests */,
				246E2795249725220034B91B /* Products */,
				614EEEAF037A26A35BF77502 /* Pods */,
				7F5BC02BC25A44E379CACE05 /* Frameworks */,
			);
			sourceTree = "<group>";
		};
		246E2795249725220034B91B /* Products */ = {
			isa = PBXGroup;
			children = (
				246E2794249725220034B91B /* Twitter.app */,
				246E27AA249725270034B91B /* TwitterTests.xctest */,
				246E27B5249725270034B91B /* TwitterUITests.xctest */,
			);
			name = Products;
			sourceTree = "<group>";
		};
		246E2796249725220034B91B /* Twitter */ = {
			isa = PBXGroup;
			children = (
				246E27CA24972BD40034B91B /* Modules */,
				246E27C924972BB50034B91B /* Commons */,
				246E27A5249725260034B91B /* Info.plist */,
				246E27C72497254A0034B91B /* Podfile */,
			);
			path = Twitter;
			sourceTree = "<group>";
		};
		246E27AD249725270034B91B /* TwitterTests */ = {
			isa = PBXGroup;
			children = (
				246E27AE249725270034B91B /* TwitterTests.swift */,
				246E27B0249725270034B91B /* Info.plist */,
			);
			path = TwitterTests;
			sourceTree = "<group>";
		};
		246E27B8249725270034B91B /* TwitterUITests */ = {
			isa = PBXGroup;
			children = (
				246E27B9249725270034B91B /* TwitterUITests.swift */,
				246E27BB249725270034B91B /* Info.plist */,
			);
			path = TwitterUITests;
			sourceTree = "<group>";
		};
		246E27C924972BB50034B91B /* Commons */ = {
			isa = PBXGroup;
			children = (
				246E27D72498F3B90034B91B /* Models */,
				246E2797249725220034B91B /* AppDelegate.swift */,
				246E27A0249725260034B91B /* Assets.xcassets */,
				246E27A2249725260034B91B /* LaunchScreen.storyboard */,
				246E279B249725220034B91B /* ViewController.swift */,
				246E27EE2499001F0034B91B /* EndPoints.swift */,
			);
			path = Commons;
			sourceTree = "<group>";
		};
		246E27CA24972BD40034B91B /* Modules */ = {
			isa = PBXGroup;
			children = (
				246E27D42498F1560034B91B /* Home */,
				246E27CB24972C1B0034B91B /* Welcome */,
			);
			path = Modules;
			sourceTree = "<group>";
		};
		246E27CB24972C1B0034B91B /* Welcome */ = {
			isa = PBXGroup;
			children = (
				246E27CC24972C420034B91B /* Welcome.storyboard */,
				246E27D0249743E80034B91B /* LoginViewController.swift */,
				246E27CE249743D50034B91B /* WelcomeViewController.swift */,
				246E27D2249743FA0034B91B /* RegisterViewController.swift */,
			);
			path = Welcome;
			sourceTree = "<group>";
		};
		246E27D42498F1560034B91B /* Home */ = {
			isa = PBXGroup;
			children = (
				246E27D52498F1740034B91B /* Home.storyboard */,
			);
			path = Home;
			sourceTree = "<group>";
		};
		246E27D72498F3B90034B91B /* Models */ = {
			isa = PBXGroup;
			children = (
				246E27D92498FC480034B91B /* Requests */,
				246E27D82498FC3F0034B91B /* Responses */,
				246E27E82498FEEA0034B91B /* User.swift */,
				246E27EA2498FF2D0034B91B /* Post.swift */,
				246E27EC2498FFB60034B91B /* PostLocation.swift */,
			);
			path = Models;
			sourceTree = "<group>";
		};
		246E27D82498FC3F0034B91B /* Responses */ = {
			isa = PBXGroup;
			children = (
				246E27DA2498FCFE0034B91B /* LoginResponse.swift */,
				246E27DC2498FD5B0034B91B /* ErrorResponse.swift */,
				246E27DE2498FD860034B91B /* GeneralResponse.swift */,
			);
			path = Responses;
			sourceTree = "<group>";
		};
		246E27D92498FC480034B91B /* Requests */ = {
			isa = PBXGroup;
			children = (
				246E27E02498FDD20034B91B /* RegisterRequest.swift */,
				246E27E22498FDF00034B91B /* PostRequest.swift */,
				246E27E42498FDFF0034B91B /* LoginRequest.swift */,
				246E27E62498FE140034B91B /* PostRequestLocation.swift */,
			);
			path = Requests;
			sourceTree = "<group>";
		};
		614EEEAF037A26A35BF77502 /* Pods */ = {
			isa = PBXGroup;
			children = (
				3CCB0C675B526F0D64E4F63B /* Pods-Twitter.debug.xcconfig */,
				67BDDC4CDF9A4BAA93345D2D /* Pods-Twitter.release.xcconfig */,
				615134608A990425203C487C /* Pods-Twitter-TwitterUITests.debug.xcconfig */,
				6C2AE2ADA8D37AB8D599AC33 /* Pods-Twitter-TwitterUITests.release.xcconfig */,
				44610B340C155CFCB28F332E /* Pods-TwitterTests.debug.xcconfig */,
				ABC625EC3F6E76EF2F6294D5 /* Pods-TwitterTests.release.xcconfig */,
			);
			path = Pods;
			sourceTree = "<group>";
		};
		7F5BC02BC25A44E379CACE05 /* Frameworks */ = {
			isa = PBXGroup;
			children = (
				5B49C3D367BF8A03C71BC244 /* Pods_Twitter.framework */,
				D23FCE88C44123C1AC8D183D /* Pods_Twitter_TwitterUITests.framework */,
				7E39F3F59BA5A613D343A5E8 /* Pods_TwitterTests.framework */,
			);
			name = Frameworks;
			sourceTree = "<group>";
		};
/* End PBXGroup section */

/* Begin PBXNativeTarget section */
		246E2793249725220034B91B /* Twitter */ = {
			isa = PBXNativeTarget;
			buildConfigurationList = 246E27BE249725270034B91B /* Build configuration list for PBXNativeTarget "Twitter" */;
			buildPhases = (
				39253E7150F3D1EA949F1598 /* [CP] Check Pods Manifest.lock */,
				246E2790249725220034B91B /* Sources */,
				246E2791249725220034B91B /* Frameworks */,
				246E2792249725220034B91B /* Resources */,
				B081574C83D501C88BE84DB5 /* [CP] Embed Pods Frameworks */,
			);
			buildRules = (
			);
			dependencies = (
			);
			name = Twitter;
			productName = Twitter;
			productReference = 246E2794249725220034B91B /* Twitter.app */;
			productType = "com.apple.product-type.application";
		};
		246E27A9249725270034B91B /* TwitterTests */ = {
			isa = PBXNativeTarget;
			buildConfigurationList = 246E27C1249725270034B91B /* Build configuration list for PBXNativeTarget "TwitterTests" */;
			buildPhases = (
				27C6092D49171335DDA6AC5F /* [CP] Check Pods Manifest.lock */,
				246E27A6249725270034B91B /* Sources */,
				246E27A7249725270034B91B /* Frameworks */,
				246E27A8249725270034B91B /* Resources */,
			);
			buildRules = (
			);
			dependencies = (
				246E27AC249725270034B91B /* PBXTargetDependency */,
			);
			name = TwitterTests;
			productName = TwitterTests;
			productReference = 246E27AA249725270034B91B /* TwitterTests.xctest */;
			productType = "com.apple.product-type.bundle.unit-test";
		};
		246E27B4249725270034B91B /* TwitterUITests */ = {
			isa = PBXNativeTarget;
			buildConfigurationList = 246E27C4249725270034B91B /* Build configuration list for PBXNativeTarget "TwitterUITests" */;
			buildPhases = (
				71BB6226D00D3B475A46E873 /* [CP] Check Pods Manifest.lock */,
				246E27B1249725270034B91B /* Sources */,
				246E27B2249725270034B91B /* Frameworks */,
				246E27B3249725270034B91B /* Resources */,
				2A1011AC16FA436557F48A35 /* [CP] Embed Pods Frameworks */,
			);
			buildRules = (
			);
			dependencies = (
				246E27B7249725270034B91B /* PBXTargetDependency */,
			);
			name = TwitterUITests;
			productName = TwitterUITests;
			productReference = 246E27B5249725270034B91B /* TwitterUITests.xctest */;
			productType = "com.apple.product-type.bundle.ui-testing";
		};
/* End PBXNativeTarget section */

/* Begin PBXProject section */
		246E278C249725220034B91B /* Project object */ = {
			isa = PBXProject;
			attributes = {
				LastSwiftUpdateCheck = 1150;
				LastUpgradeCheck = 1150;
				ORGANIZATIONNAME = "Ivan Mosquera";
				TargetAttributes = {
					246E2793249725220034B91B = {
						CreatedOnToolsVersion = 11.5;
					};
					246E27A9249725270034B91B = {
						CreatedOnToolsVersion = 11.5;
						TestTargetID = 246E2793249725220034B91B;
					};
					246E27B4249725270034B91B = {
						CreatedOnToolsVersion = 11.5;
						TestTargetID = 246E2793249725220034B91B;
					};
				};
			};
			buildConfigurationList = 246E278F249725220034B91B /* Build configuration list for PBXProject "Twitter" */;
			compatibilityVersion = "Xcode 9.3";
			developmentRegion = en;
			hasScannedForEncodings = 0;
			knownRegions = (
				en,
				Base,
			);
			mainGroup = 246E278B249725220034B91B;
			productRefGroup = 246E2795249725220034B91B /* Products */;
			projectDirPath = "";
			projectRoot = "";
			targets = (
				246E2793249725220034B91B /* Twitter */,
				246E27A9249725270034B91B /* TwitterTests */,
				246E27B4249725270034B91B /* TwitterUITests */,
			);
		};
/* End PBXProject section */

/* Begin PBXResourcesBuildPhase section */
		246E2792249725220034B91B /* Resources */ = {
			isa = PBXResourcesBuildPhase;
			buildActionMask = 2147483647;
			files = (
				246E27A4249725260034B91B /* LaunchScreen.storyboard in Resources */,
				246E27D62498F1740034B91B /* Home.storyboard in Resources */,
				246E27CD24972C420034B91B /* Welcome.storyboard in Resources */,
				246E27A1249725260034B91B /* Assets.xcassets in Resources */,
				246E27C82497254B0034B91B /* Podfile in Resources */,
			);
			runOnlyForDeploymentPostprocessing = 0;
		};
		246E27A8249725270034B91B /* Resources */ = {
			isa = PBXResourcesBuildPhase;
			buildActionMask = 2147483647;
			files = (
			);
			runOnlyForDeploymentPostprocessing = 0;
		};
		246E27B3249725270034B91B /* Resources */ = {
			isa = PBXResourcesBuildPhase;
			buildActionMask = 2147483647;
			files = (
			);
			runOnlyForDeploymentPostprocessing = 0;
		};
/* End PBXResourcesBuildPhase section */

/* Begin PBXShellScriptBuildPhase section */
		27C6092D49171335DDA6AC5F /* [CP] Check Pods Manifest.lock */ = {
			isa = PBXShellScriptBuildPhase;
			buildActionMask = 2147483647;
			files = (
			);
			inputFileListPaths = (
			);
			inputPaths = (
				"${PODS_PODFILE_DIR_PATH}/Podfile.lock",
				"${PODS_ROOT}/Manifest.lock",
			);
			name = "[CP] Check Pods Manifest.lock";
			outputFileListPaths = (
			);
			outputPaths = (
				"$(DERIVED_FILE_DIR)/Pods-TwitterTests-checkManifestLockResult.txt",
			);
			runOnlyForDeploymentPostprocessing = 0;
			shellPath = /bin/sh;
			shellScript = "diff \"${PODS_PODFILE_DIR_PATH}/Podfile.lock\" \"${PODS_ROOT}/Manifest.lock\" > /dev/null\nif [ $? != 0 ] ; then\n    # print error to STDERR\n    echo \"error: The sandbox is not in sync with the Podfile.lock. Run 'pod install' or update your CocoaPods installation.\" >&2\n    exit 1\nfi\n# This output is used by Xcode 'outputs' to avoid re-running this script phase.\necho \"SUCCESS\" > \"${SCRIPT_OUTPUT_FILE_0}\"\n";
			showEnvVarsInLog = 0;
		};
		2A1011AC16FA436557F48A35 /* [CP] Embed Pods Frameworks */ = {
			isa = PBXShellScriptBuildPhase;
			buildActionMask = 2147483647;
			files = (
			);
			inputFileListPaths = (
				"${PODS_ROOT}/Target Support Files/Pods-Twitter-TwitterUITests/Pods-Twitter-TwitterUITests-frameworks-${CONFIGURATION}-input-files.xcfilelist",
			);
			name = "[CP] Embed Pods Frameworks";
			outputFileListPaths = (
				"${PODS_ROOT}/Target Support Files/Pods-Twitter-TwitterUITests/Pods-Twitter-TwitterUITests-frameworks-${CONFIGURATION}-output-files.xcfilelist",
			);
			runOnlyForDeploymentPostprocessing = 0;
			shellPath = /bin/sh;
			shellScript = "\"${PODS_ROOT}/Target Support Files/Pods-Twitter-TwitterUITests/Pods-Twitter-TwitterUITests-frameworks.sh\"\n";
			showEnvVarsInLog = 0;
		};
		39253E7150F3D1EA949F1598 /* [CP] Check Pods Manifest.lock */ = {
			isa = PBXShellScriptBuildPhase;
			buildActionMask = 2147483647;
			files = (
			);
			inputFileListPaths = (
			);
			inputPaths = (
				"${PODS_PODFILE_DIR_PATH}/Podfile.lock",
				"${PODS_ROOT}/Manifest.lock",
			);
			name = "[CP] Check Pods Manifest.lock";
			outputFileListPaths = (
			);
			outputPaths = (
				"$(DERIVED_FILE_DIR)/Pods-Twitter-checkManifestLockResult.txt",
			);
			runOnlyForDeploymentPostprocessing = 0;
			shellPath = /bin/sh;
			shellScript = "diff \"${PODS_PODFILE_DIR_PATH}/Podfile.lock\" \"${PODS_ROOT}/Manifest.lock\" > /dev/null\nif [ $? != 0 ] ; then\n    # print error to STDERR\n    echo \"error: The sandbox is not in sync with the Podfile.lock. Run 'pod install' or update your CocoaPods installation.\" >&2\n    exit 1\nfi\n# This output is used by Xcode 'outputs' to avoid re-running this script phase.\necho \"SUCCESS\" > \"${SCRIPT_OUTPUT_FILE_0}\"\n";
			showEnvVarsInLog = 0;
		};
		71BB6226D00D3B475A46E873 /* [CP] Check Pods Manifest.lock */ = {
			isa = PBXShellScriptBuildPhase;
			buildActionMask = 2147483647;
			files = (
			);
			inputFileListPaths = (
			);
			inputPaths = (
				"${PODS_PODFILE_DIR_PATH}/Podfile.lock",
				"${PODS_ROOT}/Manifest.lock",
			);
			name = "[CP] Check Pods Manifest.lock";
			outputFileListPaths = (
			);
			outputPaths = (
				"$(DERIVED_FILE_DIR)/Pods-Twitter-TwitterUITests-checkManifestLockResult.txt",
			);
			runOnlyForDeploymentPostprocessing = 0;
			shellPath = /bin/sh;
			shellScript = "diff \"${PODS_PODFILE_DIR_PATH}/Podfile.lock\" \"${PODS_ROOT}/Manifest.lock\" > /dev/null\nif [ $? != 0 ] ; then\n    # print error to STDERR\n    echo \"error: The sandbox is not in sync with the Podfile.lock. Run 'pod install' or update your CocoaPods installation.\" >&2\n    exit 1\nfi\n# This output is used by Xcode 'outputs' to avoid re-running this script phase.\necho \"SUCCESS\" > \"${SCRIPT_OUTPUT_FILE_0}\"\n";
			showEnvVarsInLog = 0;
		};
		B081574C83D501C88BE84DB5 /* [CP] Embed Pods Frameworks */ = {
			isa = PBXShellScriptBuildPhase;
			buildActionMask = 2147483647;
			files = (
			);
			inputFileListPaths = (
				"${PODS_ROOT}/Target Support Files/Pods-Twitter/Pods-Twitter-frameworks-${CONFIGURATION}-input-files.xcfilelist",
			);
			name = "[CP] Embed Pods Frameworks";
			outputFileListPaths = (
				"${PODS_ROOT}/Target Support Files/Pods-Twitter/Pods-Twitter-frameworks-${CONFIGURATION}-output-files.xcfilelist",
			);
			runOnlyForDeploymentPostprocessing = 0;
			shellPath = /bin/sh;
			shellScript = "\"${PODS_ROOT}/Target Support Files/Pods-Twitter/Pods-Twitter-frameworks.sh\"\n";
			showEnvVarsInLog = 0;
		};
/* End PBXShellScriptBuildPhase section */

/* Begin PBXSourcesBuildPhase section */
		246E2790249725220034B91B /* Sources */ = {
			isa = PBXSourcesBuildPhase;
			buildActionMask = 2147483647;
			files = (
				246E27E92498FEEA0034B91B /* User.swift in Sources */,
				246E27E72498FE140034B91B /* PostRequestLocation.swift in Sources */,
				246E27D1249743E80034B91B /* LoginViewController.swift in Sources */,
				246E27D3249743FA0034B91B /* RegisterViewController.swift in Sources */,
				246E27E12498FDD20034B91B /* RegisterRequest.swift in Sources */,
				246E27EB2498FF2D0034B91B /* Post.swift in Sources */,
				246E27DB2498FCFE0034B91B /* LoginResponse.swift in Sources */,
				246E27CF249743D50034B91B /* WelcomeViewController.swift in Sources */,
				246E279C249725220034B91B /* ViewController.swift in Sources */,
				246E27DF2498FD870034B91B /* GeneralResponse.swift in Sources */,
				246E27E32498FDF00034B91B /* PostRequest.swift in Sources */,
				246E27ED2498FFB60034B91B /* PostLocation.swift in Sources */,
				246E2798249725220034B91B /* AppDelegate.swift in Sources */,
				246E27DD2498FD5B0034B91B /* ErrorResponse.swift in Sources */,
				246E27EF2499001F0034B91B /* EndPoints.swift in Sources */,
				246E27E52498FDFF0034B91B /* LoginRequest.swift in Sources */,
			);
			runOnlyForDeploymentPostprocessing = 0;
		};
		246E27A6249725270034B91B /* Sources */ = {
			isa = PBXSourcesBuildPhase;
			buildActionMask = 2147483647;
			files = (
				246E27AF249725270034B91B /* TwitterTests.swift in Sources */,
			);
			runOnlyForDeploymentPostprocessing = 0;
		};
		246E27B1249725270034B91B /* Sources */ = {
			isa = PBXSourcesBuildPhase;
			buildActionMask = 2147483647;
			files = (
				246E27BA249725270034B91B /* TwitterUITests.swift in Sources */,
			);
			runOnlyForDeploymentPostprocessing = 0;
		};
/* End PBXSourcesBuildPhase section */

/* Begin PBXTargetDependency section */
		246E27AC249725270034B91B /* PBXTargetDependency */ = {
			isa = PBXTargetDependency;
			target = 246E2793249725220034B91B /* Twitter */;
			targetProxy = 246E27AB249725270034B91B /* PBXContainerItemProxy */;
		};
		246E27B7249725270034B91B /* PBXTargetDependency */ = {
			isa = PBXTargetDependency;
			target = 246E2793249725220034B91B /* Twitter */;
			targetProxy = 246E27B6249725270034B91B /* PBXContainerItemProxy */;
		};
/* End PBXTargetDependency section */

/* Begin PBXVariantGroup section */
		246E27A2249725260034B91B /* LaunchScreen.storyboard */ = {
			isa = PBXVariantGroup;
			children = (
				246E27A3249725260034B91B /* Base */,
			);
			name = LaunchScreen.storyboard;
			sourceTree = "<group>";
		};
/* End PBXVariantGroup section */

/* Begin XCBuildConfiguration section */
		246E27BC249725270034B91B /* Debug */ = {
			isa = XCBuildConfiguration;
			buildSettings = {
				ALWAYS_SEARCH_USER_PATHS = NO;
				CLANG_ANALYZER_NONNULL = YES;
				CLANG_ANALYZER_NUMBER_OBJECT_CONVERSION = YES_AGGRESSIVE;
				CLANG_CXX_LANGUAGE_STANDARD = "gnu++14";
				CLANG_CXX_LIBRARY = "libc++";
				CLANG_ENABLE_MODULES = YES;
				CLANG_ENABLE_OBJC_ARC = YES;
				CLANG_ENABLE_OBJC_WEAK = YES;
				CLANG_WARN_BLOCK_CAPTURE_AUTORELEASING = YES;
				CLANG_WARN_BOOL_CONVERSION = YES;
				CLANG_WARN_COMMA = YES;
				CLANG_WARN_CONSTANT_CONVERSION = YES;
				CLANG_WARN_DEPRECATED_OBJC_IMPLEMENTATIONS = YES;
				CLANG_WARN_DIRECT_OBJC_ISA_USAGE = YES_ERROR;
				CLANG_WARN_DOCUMENTATION_COMMENTS = YES;
				CLANG_WARN_EMPTY_BODY = YES;
				CLANG_WARN_ENUM_CONVERSION = YES;
				CLANG_WARN_INFINITE_RECURSION = YES;
				CLANG_WARN_INT_CONVERSION = YES;
				CLANG_WARN_NON_LITERAL_NULL_CONVERSION = YES;
				CLANG_WARN_OBJC_IMPLICIT_RETAIN_SELF = YES;
				CLANG_WARN_OBJC_LITERAL_CONVERSION = YES;
				CLANG_WARN_OBJC_ROOT_CLASS = YES_ERROR;
				CLANG_WARN_RANGE_LOOP_ANALYSIS = YES;
				CLANG_WARN_STRICT_PROTOTYPES = YES;
				CLANG_WARN_SUSPICIOUS_MOVE = YES;
				CLANG_WARN_UNGUARDED_AVAILABILITY = YES_AGGRESSIVE;
				CLANG_WARN_UNREACHABLE_CODE = YES;
				CLANG_WARN__DUPLICATE_METHOD_MATCH = YES;
				COPY_PHASE_STRIP = NO;
				DEBUG_INFORMATION_FORMAT = dwarf;
				ENABLE_STRICT_OBJC_MSGSEND = YES;
				ENABLE_TESTABILITY = YES;
				GCC_C_LANGUAGE_STANDARD = gnu11;
				GCC_DYNAMIC_NO_PIC = NO;
				GCC_NO_COMMON_BLOCKS = YES;
				GCC_OPTIMIZATION_LEVEL = 0;
				GCC_PREPROCESSOR_DEFINITIONS = (
					"DEBUG=1",
					"$(inherited)",
				);
				GCC_WARN_64_TO_32_BIT_CONVERSION = YES;
				GCC_WARN_ABOUT_RETURN_TYPE = YES_ERROR;
				GCC_WARN_UNDECLARED_SELECTOR = YES;
				GCC_WARN_UNINITIALIZED_AUTOS = YES_AGGRESSIVE;
				GCC_WARN_UNUSED_FUNCTION = YES;
				GCC_WARN_UNUSED_VARIABLE = YES;
				IPHONEOS_DEPLOYMENT_TARGET = 13.5;
				MTL_ENABLE_DEBUG_INFO = INCLUDE_SOURCE;
				MTL_FAST_MATH = YES;
				ONLY_ACTIVE_ARCH = YES;
				SDKROOT = iphoneos;
				SWIFT_ACTIVE_COMPILATION_CONDITIONS = DEBUG;
				SWIFT_OPTIMIZATION_LEVEL = "-Onone";
			};
			name = Debug;
		};
		246E27BD249725270034B91B /* Release */ = {
			isa = XCBuildConfiguration;
			buildSettings = {
				ALWAYS_SEARCH_USER_PATHS = NO;
				CLANG_ANALYZER_NONNULL = YES;
				CLANG_ANALYZER_NUMBER_OBJECT_CONVERSION = YES_AGGRESSIVE;
				CLANG_CXX_LANGUAGE_STANDARD = "gnu++14";
				CLANG_CXX_LIBRARY = "libc++";
				CLANG_ENABLE_MODULES = YES;
				CLANG_ENABLE_OBJC_ARC = YES;
				CLANG_ENABLE_OBJC_WEAK = YES;
				CLANG_WARN_BLOCK_CAPTURE_AUTORELEASING = YES;
				CLANG_WARN_BOOL_CONVERSION = YES;
				CLANG_WARN_COMMA = YES;
				CLANG_WARN_CONSTANT_CONVERSION = YES;
				CLANG_WARN_DEPRECATED_OBJC_IMPLEMENTATIONS = YES;
				CLANG_WARN_DIRECT_OBJC_ISA_USAGE = YES_ERROR;
				CLANG_WARN_DOCUMENTATION_COMMENTS = YES;
				CLANG_WARN_EMPTY_BODY = YES;
				CLANG_WARN_ENUM_CONVERSION = YES;
				CLANG_WARN_INFINITE_RECURSION = YES;
				CLANG_WARN_INT_CONVERSION = YES;
				CLANG_WARN_NON_LITERAL_NULL_CONVERSION = YES;
				CLANG_WARN_OBJC_IMPLICIT_RETAIN_SELF = YES;
				CLANG_WARN_OBJC_LITERAL_CONVERSION = YES;
				CLANG_WARN_OBJC_ROOT_CLASS = YES_ERROR;
				CLANG_WARN_RANGE_LOOP_ANALYSIS = YES;
				CLANG_WARN_STRICT_PROTOTYPES = YES;
				CLANG_WARN_SUSPICIOUS_MOVE = YES;
				CLANG_WARN_UNGUARDED_AVAILABILITY = YES_AGGRESSIVE;
				CLANG_WARN_UNREACHABLE_CODE = YES;
				CLANG_WARN__DUPLICATE_METHOD_MATCH = YES;
				COPY_PHASE_STRIP = NO;
				DEBUG_INFORMATION_FORMAT = "dwarf-with-dsym";
				ENABLE_NS_ASSERTIONS = NO;
				ENABLE_STRICT_OBJC_MSGSEND = YES;
				GCC_C_LANGUAGE_STANDARD = gnu11;
				GCC_NO_COMMON_BLOCKS = YES;
				GCC_WARN_64_TO_32_BIT_CONVERSION = YES;
				GCC_WARN_ABOUT_RETURN_TYPE = YES_ERROR;
				GCC_WARN_UNDECLARED_SELECTOR = YES;
				GCC_WARN_UNINITIALIZED_AUTOS = YES_AGGRESSIVE;
				GCC_WARN_UNUSED_FUNCTION = YES;
				GCC_WARN_UNUSED_VARIABLE = YES;
				IPHONEOS_DEPLOYMENT_TARGET = 13.5;
				MTL_ENABLE_DEBUG_INFO = NO;
				MTL_FAST_MATH = YES;
				SDKROOT = iphoneos;
				SWIFT_COMPILATION_MODE = wholemodule;
				SWIFT_OPTIMIZATION_LEVEL = "-O";
				VALIDATE_PRODUCT = YES;
			};
			name = Release;
		};
		246E27BF249725270034B91B /* Debug */ = {
			isa = XCBuildConfiguration;
			baseConfigurationReference = 3CCB0C675B526F0D64E4F63B /* Pods-Twitter.debug.xcconfig */;
			buildSettings = {
				ASSETCATALOG_COMPILER_APPICON_NAME = AppIcon;
				CODE_SIGN_STYLE = Automatic;
				DEVELOPMENT_TEAM = 929LF3XGVG;
				INFOPLIST_FILE = Twitter/Info.plist;
				IPHONEOS_DEPLOYMENT_TARGET = 10.3;
				LD_RUNPATH_SEARCH_PATHS = (
					"$(inherited)",
					"@executable_path/Frameworks",
				);
				PRODUCT_BUNDLE_IDENTIFIER = com.idm.Twitter;
				PRODUCT_NAME = "$(TARGET_NAME)";
				SWIFT_VERSION = 5.0;
				TARGETED_DEVICE_FAMILY = 1;
			};
			name = Debug;
		};
		246E27C0249725270034B91B /* Release */ = {
			isa = XCBuildConfiguration;
			baseConfigurationReference = 67BDDC4CDF9A4BAA93345D2D /* Pods-Twitter.release.xcconfig */;
			buildSettings = {
				ASSETCATALOG_COMPILER_APPICON_NAME = AppIcon;
				CODE_SIGN_STYLE = Automatic;
				DEVELOPMENT_TEAM = 929LF3XGVG;
				INFOPLIST_FILE = Twitter/Info.plist;
				IPHONEOS_DEPLOYMENT_TARGET = 10.3;
				LD_RUNPATH_SEARCH_PATHS = (
					"$(inherited)",
					"@executable_path/Frameworks",
				);
				PRODUCT_BUNDLE_IDENTIFIER = com.idm.Twitter;
				PRODUCT_NAME = "$(TARGET_NAME)";
				SWIFT_VERSION = 5.0;
				TARGETED_DEVICE_FAMILY = 1;
			};
			name = Release;
		};
		246E27C2249725270034B91B /* Debug */ = {
			isa = XCBuildConfiguration;
			baseConfigurationReference = 44610B340C155CFCB28F332E /* Pods-TwitterTests.debug.xcconfig */;
			buildSettings = {
				ALWAYS_EMBED_SWIFT_STANDARD_LIBRARIES = YES;
				BUNDLE_LOADER = "$(TEST_HOST)";
				CODE_SIGN_STYLE = Automatic;
				DEVELOPMENT_TEAM = 929LF3XGVG;
				INFOPLIST_FILE = TwitterTests/Info.plist;
				IPHONEOS_DEPLOYMENT_TARGET = 13.5;
				LD_RUNPATH_SEARCH_PATHS = (
					"$(inherited)",
					"@executable_path/Frameworks",
					"@loader_path/Frameworks",
				);
				PRODUCT_BUNDLE_IDENTIFIER = com.idm.TwitterTests;
				PRODUCT_NAME = "$(TARGET_NAME)";
				SWIFT_VERSION = 5.0;
				TARGETED_DEVICE_FAMILY = "1,2";
				TEST_HOST = "$(BUILT_PRODUCTS_DIR)/Twitter.app/Twitter";
			};
			name = Debug;
		};
		246E27C3249725270034B91B /* Release */ = {
			isa = XCBuildConfiguration;
			baseConfigurationReference = ABC625EC3F6E76EF2F6294D5 /* Pods-TwitterTests.release.xcconfig */;
			buildSettings = {
				ALWAYS_EMBED_SWIFT_STANDARD_LIBRARIES = YES;
				BUNDLE_LOADER = "$(TEST_HOST)";
				CODE_SIGN_STYLE = Automatic;
				DEVELOPMENT_TEAM = 929LF3XGVG;
				INFOPLIST_FILE = TwitterTests/Info.plist;
				IPHONEOS_DEPLOYMENT_TARGET = 13.5;
				LD_RUNPATH_SEARCH_PATHS = (
					"$(inherited)",
					"@executable_path/Frameworks",
					"@loader_path/Frameworks",
				);
				PRODUCT_BUNDLE_IDENTIFIER = com.idm.TwitterTests;
				PRODUCT_NAME = "$(TARGET_NAME)";
				SWIFT_VERSION = 5.0;
				TARGETED_DEVICE_FAMILY = "1,2";
				TEST_HOST = "$(BUILT_PRODUCTS_DIR)/Twitter.app/Twitter";
			};
			name = Release;
		};
		246E27C5249725270034B91B /* Debug */ = {
			isa = XCBuildConfiguration;
			baseConfigurationReference = 615134608A990425203C487C /* Pods-Twitter-TwitterUITests.debug.xcconfig */;
			buildSettings = {
				ALWAYS_EMBED_SWIFT_STANDARD_LIBRARIES = YES;
				CODE_SIGN_STYLE = Automatic;
				DEVELOPMENT_TEAM = 929LF3XGVG;
				INFOPLIST_FILE = TwitterUITests/Info.plist;
				LD_RUNPATH_SEARCH_PATHS = (
					"$(inherited)",
					"@executable_path/Frameworks",
					"@loader_path/Frameworks",
				);
				PRODUCT_BUNDLE_IDENTIFIER = com.idm.TwitterUITests;
				PRODUCT_NAME = "$(TARGET_NAME)";
				SWIFT_VERSION = 5.0;
				TARGETED_DEVICE_FAMILY = "1,2";
				TEST_TARGET_NAME = Twitter;
			};
			name = Debug;
		};
		246E27C6249725270034B91B /* Release */ = {
			isa = XCBuildConfiguration;
			baseConfigurationReference = 6C2AE2ADA8D37AB8D599AC33 /* Pods-Twitter-TwitterUITests.release.xcconfig */;
			buildSettings = {
				ALWAYS_EMBED_SWIFT_STANDARD_LIBRARIES = YES;
				CODE_SIGN_STYLE = Automatic;
				DEVELOPMENT_TEAM = 929LF3XGVG;
				INFOPLIST_FILE = TwitterUITests/Info.plist;
				LD_RUNPATH_SEARCH_PATHS = (
					"$(inherited)",
					"@executable_path/Frameworks",
					"@loader_path/Frameworks",
				);
				PRODUCT_BUNDLE_IDENTIFIER = com.idm.TwitterUITests;
				PRODUCT_NAME = "$(TARGET_NAME)";
				SWIFT_VERSION = 5.0;
				TARGETED_DEVICE_FAMILY = "1,2";
				TEST_TARGET_NAME = Twitter;
			};
			name = Release;
		};
/* End XCBuildConfiguration section */

/* Begin XCConfigurationList section */
		246E278F249725220034B91B /* Build configuration list for PBXProject "Twitter" */ = {
			isa = XCConfigurationList;
			buildConfigurations = (
				246E27BC249725270034B91B /* Debug */,
				246E27BD249725270034B91B /* Release */,
			);
			defaultConfigurationIsVisible = 0;
			defaultConfigurationName = Release;
		};
		246E27BE249725270034B91B /* Build configuration list for PBXNativeTarget "Twitter" */ = {
			isa = XCConfigurationList;
			buildConfigurations = (
				246E27BF249725270034B91B /* Debug */,
				246E27C0249725270034B91B /* Release */,
			);
			defaultConfigurationIsVisible = 0;
			defaultConfigurationName = Release;
		};
		246E27C1249725270034B91B /* Build configuration list for PBXNativeTarget "TwitterTests" */ = {
			isa = XCConfigurationList;
			buildConfigurations = (
				246E27C2249725270034B91B /* Debug */,
				246E27C3249725270034B91B /* Release */,
			);
			defaultConfigurationIsVisible = 0;
			defaultConfigurationName = Release;
		};
		246E27C4249725270034B91B /* Build configuration list for PBXNativeTarget "TwitterUITests" */ = {
			isa = XCConfigurationList;
			buildConfigurations = (
				246E27C5249725270034B91B /* Debug */,
				246E27C6249725270034B91B /* Release */,
			);
			defaultConfigurationIsVisible = 0;
			defaultConfigurationName = Release;
		};
/* End XCConfigurationList section */
	};
	rootObject = 246E278C249725220034B91B /* Project object */;
}
